
Microsoft Visual Studio Solution File, Format Version 12.00
# Visual Studio Version 17
VisualStudioVersion = 17.11.35312.102
MinimumVisualStudioVersion = 10.0.40219.1
Project("{9A19103F-16F7-4668-BE54-9A1E7A4F7556}") = "ProjectManage", "ProjectManage\ProjectManage.csproj", "{0F83AE22-E8FF-4942-B1B9-AC1566E995DF}"
EndProject
Global
	GlobalSection(SolutionConfigurationPlatforms) = preSolution
		Debug|Any CPU = Debug|Any CPU
		Release|Any CPU = Release|Any CPU
	EndGlobalSection
	GlobalSection(ProjectConfigurationPlatforms) = postSolution
		{0F83AE22-E8FF-4942-B1B9-AC1566E995DF}.Debug|Any CPU.ActiveCfg = Debug|Any CPU
		{0F83AE22-E8FF-4942-B1B9-AC1566E995DF}.Debug|Any CPU.Build.0 = Debug|Any CPU
		{0F83AE22-E8FF-4942-B1B9-AC1566E995DF}.Release|Any CPU.ActiveCfg = Release|Any CPU
		{0F83AE22-E8FF-4942-B1B9-AC1566E995DF}.Release|Any CPU.Build.0 = Release|Any CPU
	EndGlobalSection
	GlobalSection(SolutionProperties) = preSolution
		HideSolutionNode = FALSE
	EndGlobalSection
	GlobalSection(ExtensibilityGlobals) = postSolution
		SolutionGuid = {B99A8549-6F41-40C4-8223-F14386B1BB04}
	EndGlobalSection
EndGlobal
